// !$*UTF8*$!
{
	archiveVersion = 1;
	classes = {
	};
	objectVersion = 46;
	objects = {

/* Begin PBXBuildFile section */
		685ACF4D1E198A5800F7815E /* AppDelegate.swift in Sources */ = {isa = PBXBuildFile; fileRef = 685ACF4C1E198A5800F7815E /* AppDelegate.swift */; };
		685ACF4F1E198A5800F7815E /* ViewController.swift in Sources */ = {isa = PBXBuildFile; fileRef = 685ACF4E1E198A5800F7815E /* ViewController.swift */; };
		685ACF521E198A5800F7815E /* Main.storyboard in Resources */ = {isa = PBXBuildFile; fileRef = 685ACF501E198A5800F7815E /* Main.storyboard */; };
		685ACF541E198A5800F7815E /* Assets.xcassets in Resources */ = {isa = PBXBuildFile; fileRef = 685ACF531E198A5800F7815E /* Assets.xcassets */; };
		685ACF571E198A5800F7815E /* LaunchScreen.storyboard in Resources */ = {isa = PBXBuildFile; fileRef = 685ACF551E198A5800F7815E /* LaunchScreen.storyboard */; };
		685ACF621E198A5800F7815E /* Tip_CalculatorTests.swift in Sources */ = {isa = PBXBuildFile; fileRef = 685ACF611E198A5800F7815E /* Tip_CalculatorTests.swift */; };
		685ACF6D1E198A5800F7815E /* Tip_CalculatorUITests.swift in Sources */ = {isa = PBXBuildFile; fileRef = 685ACF6C1E198A5800F7815E /* Tip_CalculatorUITests.swift */; };
		685ACF7B1E1A4B9C00F7815E /* SettingsViewController.swift in Sources */ = {isa = PBXBuildFile; fileRef = 685ACF7A1E1A4B9C00F7815E /* SettingsViewController.swift */; };
/* End PBXBuildFile section */

/* Begin PBXContainerItemProxy section */
		685ACF5E1E198A5800F7815E /* PBXContainerItemProxy */ = {
			isa = PBXContainerItemProxy;
			containerPortal = 685ACF411E198A5800F7815E /* Project object */;
			proxyType = 1;
			remoteGlobalIDString = 685ACF481E198A5800F7815E;
			remoteInfo = "Tip Calculator";
		};
		685ACF691E198A5800F7815E /* PBXContainerItemProxy */ = {
			isa = PBXContainerItemProxy;
			containerPortal = 685ACF411E198A5800F7815E /* Project object */;
			proxyType = 1;
			remoteGlobalIDString = 685ACF481E198A5800F7815E;
			remoteInfo = "Tip Calculator";
		};
/* End PBXContainerItemProxy section */

/* Begin PBXFileReference section */
		685ACF491E198A5800F7815E /* Tip Calculator.app */ = {isa = PBXFileReference; explicitFileType = wrapper.application; includeInIndex = 0; path = "Tip Calculator.app"; sourceTree = BUILT_PRODUCTS_DIR; };
		685ACF4C1E198A5800F7815E /* AppDelegate.swift */ = {isa = PBXFileReference; lastKnownFileType = sourcecode.swift; path = AppDelegate.swift; sourceTree = "<group>"; };
		685ACF4E1E198A5800F7815E /* ViewController.swift */ = {isa = PBXFileReference; lastKnownFileType = sourcecode.swift; path = ViewController.swift; sourceTree = "<group>"; };
		685ACF511E198A5800F7815E /* Base */ = {isa = PBXFileReference; lastKnownFileType = file.storyboard; name = Base; path = Base.lproj/Main.storyboard; sourceTree = "<group>"; };
		685ACF531E198A5800F7815E /* Assets.xcassets */ = {isa = PBXFileReference; lastKnownFileType = folder.assetcatalog; path = Assets.xcassets; sourceTree = "<group>"; };
		685ACF561E198A5800F7815E /* Base */ = {isa = PBXFileReference; lastKnownFileType = file.storyboard; name = Base; path = Base.lproj/LaunchScreen.storyboard; sourceTree = "<group>"; };
		685ACF581E198A5800F7815E /* Info.plist */ = {isa = PBXFileReference; lastKnownFileType = text.plist.xml; path = Info.plist; sourceTree = "<group>"; };
		685ACF5D1E198A5800F7815E /* Tip CalculatorTests.xctest */ = {isa = PBXFileReference; explicitFileType = wrapper.cfbundle; includeInIndex = 0; path = "Tip CalculatorTests.xctest"; sourceTree = BUILT_PRODUCTS_DIR; };
		685ACF611E198A5800F7815E /* Tip_CalculatorTests.swift */ = {isa = PBXFileReference; lastKnownFileType = sourcecode.swift; path = Tip_CalculatorTests.swift; sourceTree = "<group>"; };
		685ACF631E198A5800F7815E /* Info.plist */ = {isa = PBXFileReference; lastKnownFileType = text.plist.xml; path = Info.plist; sourceTree = "<group>"; };
		685ACF681E198A5800F7815E /* Tip CalculatorUITests.xctest */ = {isa = PBXFileReference; explicitFileType = wrapper.cfbundle; includeInIndex = 0; path = "Tip CalculatorUITests.xctest"; sourceTree = BUILT_PRODUCTS_DIR; };
		685ACF6C1E198A5800F7815E /* Tip_CalculatorUITests.swift */ = {isa = PBXFileReference; lastKnownFileType = sourcecode.swift; path = Tip_CalculatorUITests.swift; sourceTree = "<group>"; };
		685ACF6E1E198A5800F7815E /* Info.plist */ = {isa = PBXFileReference; lastKnownFileType = text.plist.xml; path = Info.plist; sourceTree = "<group>"; };
		685ACF7A1E1A4B9C00F7815E /* SettingsViewController.swift */ = {isa = PBXFileReference; fileEncoding = 4; lastKnownFileType = sourcecode.swift; path = SettingsViewController.swift; sourceTree = "<group>"; };
/* End PBXFileReference section */

/* Begin PBXFrameworksBuildPhase section */
		685ACF461E198A5800F7815E /* Frameworks */ = {
			isa = PBXFrameworksBuildPhase;
			buildActionMask = 2147483647;
			files = (
			);
			runOnlyForDeploymentPostprocessing = 0;
		};
		685ACF5A1E198A5800F7815E /* Frameworks */ = {
			isa = PBXFrameworksBuildPhase;
			buildActionMask = 2147483647;
			files = (
			);
			runOnlyForDeploymentPostprocessing = 0;
		};
		685ACF651E198A5800F7815E /* Frameworks */ = {
			isa = PBXFrameworksBuildPhase;
			buildActionMask = 2147483647;
			files = (
			);
			runOnlyForDeploymentPostprocessing = 0;
		};
/* End PBXFrameworksBuildPhase section */

/* Begin PBXGroup section */
		685ACF401E198A5800F7815E = {
			isa = PBXGroup;
			children = (
				685ACF4B1E198A5800F7815E /* Tip Calculator */,
				685ACF601E198A5800F7815E /* Tip CalculatorTests */,
				685ACF6B1E198A5800F7815E /* Tip CalculatorUITests */,
				685ACF4A1E198A5800F7815E /* Products */,
			);
			sourceTree = "<group>";
		};
		685ACF4A1E198A5800F7815E /* Products */ = {
			isa = PBXGroup;
			children = (
				685ACF491E198A5800F7815E /* Tip Calculator.app */,
				685ACF5D1E198A5800F7815E /* Tip CalculatorTests.xctest */,
				685ACF681E198A5800F7815E /* Tip CalculatorUITests.xctest */,
			);
			name = Products;
			sourceTree = "<group>";
		};
		685ACF4B1E198A5800F7815E /* Tip Calculator */ = {
			isa = PBXGroup;
			children = (
				685ACF4C1E198A5800F7815E /* AppDelegate.swift */,
				685ACF4E1E198A5800F7815E /* ViewController.swift */,
				685ACF501E198A5800F7815E /* Main.storyboard */,
				685ACF7A1E1A4B9C00F7815E /* SettingsViewController.swift */,
				685ACF531E198A5800F7815E /* Assets.xcassets */,
				685ACF551E198A5800F7815E /* LaunchScreen.storyboard */,
				685ACF581E198A5800F7815E /* Info.plist */,
			);
			path = "Tip Calculator";
			sourceTree = "<group>";
		};
		685ACF601E198A5800F7815E /* Tip CalculatorTests */ = {
			isa = PBXGroup;
			children = (
				685ACF611E198A5800F7815E /* Tip_CalculatorTests.swift */,
				685ACF631E198A5800F7815E /* Info.plist */,
			);
			path = "Tip CalculatorTests";
			sourceTree = "<group>";
		};
		685ACF6B1E198A5800F7815E /* Tip CalculatorUITests */ = {
			isa = PBXGroup;
			children = (
				685ACF6C1E198A5800F7815E /* Tip_CalculatorUITests.swift */,
				685ACF6E1E198A5800F7815E /* Info.plist */,
			);
			path = "Tip CalculatorUITests";
			sourceTree = "<group>";
		};
/* End PBXGroup section */

/* Begin PBXNativeTarget section */
		685ACF481E198A5800F7815E /* Tip Calculator */ = {
			isa = PBXNativeTarget;
			buildConfigurationList = 685ACF711E198A5800F7815E /* Build configuration list for PBXNativeTarget "Tip Calculator" */;
			buildPhases = (
				685ACF451E198A5800F7815E /* Sources */,
				685ACF461E198A5800F7815E /* Frameworks */,
				685ACF471E198A5800F7815E /* Resources */,
			);
			buildRules = (
			);
			dependencies = (
			);
			name = "Tip Calculator";
			productName = "Tip Calculator";
			productReference = 685ACF491E198A5800F7815E /* Tip Calculator.app */;
			productType = "com.apple.product-type.application";
		};
		685ACF5C1E198A5800F7815E /* Tip CalculatorTests */ = {
			isa = PBXNativeTarget;
			buildConfigurationList = 685ACF741E198A5800F7815E /* Build configuration list for PBXNativeTarget "Tip CalculatorTests" */;
			buildPhases = (
				685ACF591E198A5800F7815E /* Sources */,
				685ACF5A1E198A5800F7815E /* Frameworks */,
				685ACF5B1E198A5800F7815E /* Resources */,
			);
			buildRules = (
			);
			dependencies = (
				685ACF5F1E198A5800F7815E /* PBXTargetDependency */,
			);
			name = "Tip CalculatorTests";
			productName = "Tip CalculatorTests";
			productReference = 685ACF5D1E198A5800F7815E /* Tip CalculatorTests.xctest */;
			productType = "com.apple.product-type.bundle.unit-test";
		};
		685ACF671E198A5800F7815E /* Tip CalculatorUITests */ = {
			isa = PBXNativeTarget;
			buildConfigurationList = 685ACF771E198A5800F7815E /* Build configuration list for PBXNativeTarget "Tip CalculatorUITests" */;
			buildPhases = (
				685ACF641E198A5800F7815E /* Sources */,
				685ACF651E198A5800F7815E /* Frameworks */,
				685ACF661E198A5800F7815E /* Resources */,
			);
			buildRules = (
			);
			dependencies = (
				685ACF6A1E198A5800F7815E /* PBXTargetDependency */,
			);
			name = "Tip CalculatorUITests";
			productName = "Tip CalculatorUITests";
			productReference = 685ACF681E198A5800F7815E /* Tip CalculatorUITests.xctest */;
			productType = "com.apple.product-type.bundle.ui-testing";
		};
/* End PBXNativeTarget section */

/* Begin PBXProject section */
		685ACF411E198A5800F7815E /* Project object */ = {
			isa = PBXProject;
			attributes = {
				LastSwiftUpdateCheck = 0820;
				LastUpgradeCheck = 0820;
				ORGANIZATIONNAME = "Shivan Desai";
				TargetAttributes = {
					685ACF481E198A5800F7815E = {
						CreatedOnToolsVersion = 8.2.1;
						ProvisioningStyle = Automatic;
					};
					685ACF5C1E198A5800F7815E = {
						CreatedOnToolsVersion = 8.2.1;
						ProvisioningStyle = Automatic;
						TestTargetID = 685ACF481E198A5800F7815E;
					};
					685ACF671E198A5800F7815E = {
						CreatedOnToolsVersion = 8.2.1;
						ProvisioningStyle = Automatic;
						TestTargetID = 685ACF481E198A5800F7815E;
					};
				};
			};
			buildConfigurationList = 685ACF441E198A5800F7815E /* Build configuration list for PBXProject "Tip Calculator" */;
			compatibilityVersion = "Xcode 3.2";
			developmentRegion = English;
			hasScannedForEncodings = 0;
			knownRegions = (
				en,
				Base,
			);
			mainGroup = 685ACF401E198A5800F7815E;
			productRefGroup = 685ACF4A1E198A5800F7815E /* Products */;
			projectDirPath = "";
			projectRoot = "";
			targets = (
				685ACF481E198A5800F7815E /* Tip Calculator */,
				685ACF5C1E198A5800F7815E /* Tip CalculatorTests */,
				685ACF671E198A5800F7815E /* Tip CalculatorUITests */,
			);
		};
/* End PBXProject section */

/* Begin PBXResourcesBuildPhase section */
		685ACF471E198A5800F7815E /* Resources */ = {
			isa = PBXResourcesBuildPhase;
			buildActionMask = 2147483647;
			files = (
				685ACF571E198A5800F7815E /* LaunchScreen.storyboard in Resources */,
				685ACF541E198A5800F7815E /* Assets.xcassets in Resources */,
				685ACF521E198A5800F7815E /* Main.storyboard in Resources */,
			);
			runOnlyForDeploymentPostprocessing = 0;
		};
		685ACF5B1E198A5800F7815E /* Resources */ = {
			isa = PBXResourcesBuildPhase;
			buildActionMask = 2147483647;
			files = (
			);
			runOnlyForDeploymentPostprocessing = 0;
		};
		685ACF661E198A5800F7815E /* Resources */ = {
			isa = PBXResourcesBuildPhase;
			buildActionMask = 2147483647;
			files = (
			);
			runOnlyForDeploymentPostprocessing = 0;
		};
/* End PBXResourcesBuildPhase section */

/* Begin PBXSourcesBuildPhase section */
		685ACF451E198A5800F7815E /* Sources */ = {
			isa = PBXSourcesBuildPhase;
			buildActionMask = 2147483647;
			files = (
				685ACF4F1E198A5800F7815E /* ViewController.swift in Sources */,
				685ACF4D1E198A5800F7815E /* AppDelegate.swift in Sources */,
				685ACF7B1E1A4B9C00F7815E /* SettingsViewController.swift in Sources */,
			);
			runOnlyForDeploymentPostprocessing = 0;
		};
		685ACF591E198A5800F7815E /* Sources */ = {
			isa = PBXSourcesBuildPhase;
			buildActionMask = 2147483647;
			files = (
				685ACF621E198A5800F7815E /* Tip_CalculatorTests.swift in Sources */,
			);
			runOnlyForDeploymentPostprocessing = 0;
		};
		685ACF641E198A5800F7815E /* Sources */ = {
			isa = PBXSourcesBuildPhase;
			buildActionMask = 2147483647;
			files = (
				685ACF6D1E198A5800F7815E /* Tip_CalculatorUITests.swift in Sources */,
			);
			runOnlyForDeploymentPostprocessing = 0;
		};
/* End PBXSourcesBuildPhase section */

/* Begin PBXTargetDependency section */
		685ACF5F1E198A5800F7815E /* PBXTargetDependency */ = {
			isa = PBXTargetDependency;
			target = 685ACF481E198A5800F7815E /* Tip Calculator */;
			targetProxy = 685ACF5E1E198A5800F7815E /* PBXContainerItemProxy */;
		};
		685ACF6A1E198A5800F7815E /* PBXTargetDependency */ = {
			isa = PBXTargetDependency;
			target = 685ACF481E198A5800F7815E /* Tip Calculator */;
			targetProxy = 685ACF691E198A5800F7815E /* PBXContainerItemProxy */;
		};
/* End PBXTargetDependency section */

/* Begin PBXVariantGroup section */
		685ACF501E198A5800F7815E /* Main.storyboard */ = {
			isa = PBXVariantGroup;
			children = (
				685ACF511E198A5800F7815E /* Base */,
			);
			name = Main.storyboard;
			sourceTree = "<group>";
		};
		685ACF551E198A5800F7815E /* LaunchScreen.storyboard */ = {
			isa = PBXVariantGroup;
			children = (
				685ACF561E198A5800F7815E /* Base */,
			);
			name = LaunchScreen.storyboard;
			sourceTree = "<group>";
		};
/* End PBXVariantGroup section */

/* Begin XCBuildConfiguration section */
		685ACF6F1E198A5800F7815E /* Debug */ = {
			isa = XCBuildConfiguration;
			buildSettings = {
				ALWAYS_SEARCH_USER_PATHS = NO;
				CLANG_ANALYZER_NONNULL = YES;
				CLANG_CXX_LANGUAGE_STANDARD = "gnu++0x";
				CLANG_CXX_LIBRARY = "libc++";
				CLANG_ENABLE_MODULES = YES;
				CLANG_ENABLE_OBJC_ARC = YES;
				CLANG_WARN_BOOL_CONVERSION = YES;
				CLANG_WARN_CONSTANT_CONVERSION = YES;
				CLANG_WARN_DIRECT_OBJC_ISA_USAGE = YES_ERROR;
				CLANG_WARN_DOCUMENTATION_COMMENTS = YES;
				CLANG_WARN_EMPTY_BODY = YES;
				CLANG_WARN_ENUM_CONVERSION = YES;
				CLANG_WARN_INFINITE_RECURSION = YES;
				CLANG_WARN_INT_CONVERSION = YES;
				CLANG_WARN_OBJC_ROOT_CLASS = YES_ERROR;
				CLANG_WARN_SUSPICIOUS_MOVE = YES;
				CLANG_WARN_UNREACHABLE_CODE = YES;
				CLANG_WARN__DUPLICATE_METHOD_MATCH = YES;
				"CODE_SIGN_IDENTITY[sdk=iphoneos*]" = "iPhone Developer";
				COPY_PHASE_STRIP = NO;
				DEBUG_INFORMATION_FORMAT = dwarf;
				ENABLE_STRICT_OBJC_MSGSEND = YES;
				ENABLE_TESTABILITY = YES;
				GCC_C_LANGUAGE_STANDARD = gnu99;
				GCC_DYNAMIC_NO_PIC = NO;
				GCC_NO_COMMON_BLOCKS = YES;
				GCC_OPTIMIZATION_LEVEL = 0;
				GCC_PREPROCESSOR_DEFINITIONS = (
					"DEBUG=1",
					"$(inherited)",
				);
				GCC_WARN_64_TO_32_BIT_CONVERSION = YES;
				GCC_WARN_ABOUT_RETURN_TYPE = YES_ERROR;
				GCC_WARN_UNDECLARED_SELECTOR = YES;
				GCC_WARN_UNINITIALIZED_AUTOS = YES_AGGRESSIVE;
				GCC_WARN_UNUSED_FUNCTION = YES;
				GCC_WARN_UNUSED_VARIABLE = YES;
				IPHONEOS_DEPLOYMENT_TARGET = 10.2;
				MTL_ENABLE_DEBUG_INFO = YES;
				ONLY_ACTIVE_ARCH = YES;
				SDKROOT = iphoneos;
				SWIFT_ACTIVE_COMPILATION_CONDITIONS = DEBUG;
				SWIFT_OPTIMIZATION_LEVEL = "-Onone";
			};
			name = Debug;
		};
		685ACF701E198A5800F7815E /* Release */ = {
			isa = XCBuildConfiguration;
			buildSettings = {
				ALWAYS_SEARCH_USER_PATHS = NO;
				CLANG_ANALYZER_NONNULL = YES;
				CLANG_CXX_LANGUAGE_STANDARD = "gnu++0x";
				CLANG_CXX_LIBRARY = "libc++";
				CLANG_ENABLE_MODULES = YES;
				CLANG_ENABLE_OBJC_ARC = YES;
				CLANG_WARN_BOOL_CONVERSION = YES;
				CLANG_WARN_CONSTANT_CONVERSION = YES;
				CLANG_WARN_DIRECT_OBJC_ISA_USAGE = YES_ERROR;
				CLANG_WARN_DOCUMENTATION_COMMENTS = YES;
				CLANG_WARN_EMPTY_BODY = YES;
				CLANG_WARN_ENUM_CONVERSION = YES;
				CLANG_WARN_INFINITE_RECURSION = YES;
				CLANG_WARN_INT_CONVERSION = YES;
				CLANG_WARN_OBJC_ROOT_CLASS = YES_ERROR;
				CLANG_WARN_SUSPICIOUS_MOVE = YES;
				CLANG_WARN_UNREACHABLE_CODE = YES;
				CLANG_WARN__DUPLICATE_METHOD_MATCH = YES;
				"CODE_SIGN_IDENTITY[sdk=iphoneos*]" = "iPhone Developer";
				COPY_PHASE_STRIP = NO;
				DEBUG_INFORMATION_FORMAT = "dwarf-with-dsym";
				ENABLE_NS_ASSERTIONS = NO;
				ENABLE_STRICT_OBJC_MSGSEND = YES;
				GCC_C_LANGUAGE_STANDARD = gnu99;
				GCC_NO_COMMON_BLOCKS = YES;
				GCC_WARN_64_TO_32_BIT_CONVERSION = YES;
				GCC_WARN_ABOUT_RETURN_TYPE = YES_ERROR;
				GCC_WARN_UNDECLARED_SELECTOR = YES;
				GCC_WARN_UNINITIALIZED_AUTOS = YES_AGGRESSIVE;
				GCC_WARN_UNUSED_FUNCTION = YES;
				GCC_WARN_UNUSED_VARIABLE = YES;
				IPHONEOS_DEPLOYMENT_TARGET = 10.2;
				MTL_ENABLE_DEBUG_INFO = NO;
				SDKROOT = iphoneos;
				SWIFT_OPTIMIZATION_LEVEL = "-Owholemodule";
				VALIDATE_PRODUCT = YES;
			};
			name = Release;
		};
		685ACF721E198A5800F7815E /* Debug */ = {
			isa = XCBuildConfiguration;
			buildSettings = {
				ASSETCATALOG_COMPILER_APPICON_NAME = AppIcon;
				INFOPLIST_FILE = "Tip Calculator/Info.plist";
				LD_RUNPATH_SEARCH_PATHS = "$(inherited) @executable_path/Frameworks";
				PRODUCT_BUNDLE_IDENTIFIER = "com.codepath.Tip-Calculator";
				PRODUCT_NAME = "$(TARGET_NAME)";
				SWIFT_VERSION = 3.0;
			};
			name = Debug;
		};
		685ACF731E198A5800F7815E /* Release */ = {
			isa = XCBuildConfiguration;
			buildSettings = {
				ASSETCATALOG_COMPILER_APPICON_NAME = AppIcon;
				INFOPLIST_FILE = "Tip Calculator/Info.plist";
				LD_RUNPATH_SEARCH_PATHS = "$(inherited) @executable_path/Frameworks";
				PRODUCT_BUNDLE_IDENTIFIER = "com.codepath.Tip-Calculator";
				PRODUCT_NAME = "$(TARGET_NAME)";
				SWIFT_VERSION = 3.0;
			};
			name = Release;
		};
		685ACF751E198A5800F7815E /* Debug */ = {
			isa = XCBuildConfiguration;
			buildSettings = {
				ALWAYS_EMBED_SWIFT_STANDARD_LIBRARIES = YES;
				BUNDLE_LOADER = "$(TEST_HOST)";
				INFOPLIST_FILE = "Tip CalculatorTests/Info.plist";
				LD_RUNPATH_SEARCH_PATHS = "$(inherited) @executable_path/Frameworks @loader_path/Frameworks";
				PRODUCT_BUNDLE_IDENTIFIER = "com.codepath.Tip-CalculatorTests";
				PRODUCT_NAME = "$(TARGET_NAME)";
				SWIFT_VERSION = 3.0;
				TEST_HOST = "$(BUILT_PRODUCTS_DIR)/Tip Calculator.app/Tip Calculator";
			};
			name = Debug;
		};
		685ACF761E198A5800F7815E /* Release */ = {
			isa = XCBuildConfiguration;
			buildSettings = {
				ALWAYS_EMBED_SWIFT_STANDARD_LIBRARIES = YES;
				BUNDLE_LOADER = "$(TEST_HOST)";
				INFOPLIST_FILE = "Tip CalculatorTests/Info.plist";
				LD_RUNPATH_SEARCH_PATHS = "$(inherited) @executable_path/Frameworks @loader_path/Frameworks";
				PRODUCT_BUNDLE_IDENTIFIER = "com.codepath.Tip-CalculatorTests";
				PRODUCT_NAME = "$(TARGET_NAME)";
				SWIFT_VERSION = 3.0;
				TEST_HOST = "$(BUILT_PRODUCTS_DIR)/Tip Calculator.app/Tip Calculator";
			};
			name = Release;
		};
		685ACF781E198A5800F7815E /* Debug */ = {
			isa = XCBuildConfiguration;
			buildSettings = {
				ALWAYS_EMBED_SWIFT_STANDARD_LIBRARIES = YES;
				INFOPLIST_FILE = "Tip CalculatorUITests/Info.plist";
				LD_RUNPATH_SEARCH_PATHS = "$(inherited) @executable_path/Frameworks @loader_path/Frameworks";
				PRODUCT_BUNDLE_IDENTIFIER = "com.codepath.Tip-CalculatorUITests";
				PRODUCT_NAME = "$(TARGET_NAME)";
				SWIFT_VERSION = 3.0;
				TEST_TARGET_NAME = "Tip Calculator";
			};
			name = Debug;
		};
		685ACF791E198A5800F7815E /* Release */ = {
			isa = XCBuildConfiguration;
			buildSettings = {
				ALWAYS_EMBED_SWIFT_STANDARD_LIBRARIES = YES;
				INFOPLIST_FILE = "Tip CalculatorUITests/Info.plist";
				LD_RUNPATH_SEARCH_PATHS = "$(inherited) @executable_path/Frameworks @loader_path/Frameworks";
				PRODUCT_BUNDLE_IDENTIFIER = "com.codepath.Tip-CalculatorUITests";
				PRODUCT_NAME = "$(TARGET_NAME)";
				SWIFT_VERSION = 3.0;
				TEST_TARGET_NAME = "Tip Calculator";
			};
			name = Release;
		};
/* End XCBuildConfiguration section */

/* Begin XCConfigurationList section */
		685ACF441E198A5800F7815E /* Build configuration list for PBXProject "Tip Calculator" */ = {
			isa = XCConfigurationList;
			buildConfigurations = (
				685ACF6F1E198A5800F7815E /* Debug */,
				685ACF701E198A5800F7815E /* Release */,
			);
			defaultConfigurationIsVisible = 0;
			defaultConfigurationName = Release;
		};
		685ACF711E198A5800F7815E /* Build configuration list for PBXNativeTarget "Tip Calculator" */ = {
			isa = XCConfigurationList;
			buildConfigurations = (
				685ACF721E198A5800F7815E /* Debug */,
				685ACF731E198A5800F7815E /* Release */,
			);
			defaultConfigurationIsVisible = 0;
			defaultConfigurationName = Release;
		};
		685ACF741E198A5800F7815E /* Build configuration list for PBXNativeTarget "Tip CalculatorTests" */ = {
			isa = XCConfigurationList;
			buildConfigurations = (
				685ACF751E198A5800F7815E /* Debug */,
				685ACF761E198A5800F7815E /* Release */,
			);
			defaultConfigurationIsVisible = 0;
			defaultConfigurationName = Release;
		};
		685ACF771E198A5800F7815E /* Build configuration list for PBXNativeTarget "Tip CalculatorUITests" */ = {
			isa = XCConfigurationList;
			buildConfigurations = (
				685ACF781E198A5800F7815E /* Debug */,
				685ACF791E198A5800F7815E /* Release */,
			);
			defaultConfigurationIsVisible = 0;
			defaultConfigurationName = Release;
		};
/* End XCConfigurationList section */
	};
	rootObject = 685ACF411E198A5800F7815E /* Project object */;
}
